
Microsoft Visual Studio Solution File, Format Version 12.00
# Visual Studio 15
VisualStudioVersion = 15.0.27130.2036
MinimumVisualStudioVersion = 10.0.40219.1
Project("{FAE04EC0-301F-11D3-BF4B-00C04F79EFBC}") = "CalypssoAPP.Android", "CalypssoAPP\CalypssoAPP.Android\CalypssoAPP.Android.csproj", "{5B04D844-012A-479E-8F05-704FCC31620B}"
EndProject
Project("{FAE04EC0-301F-11D3-BF4B-00C04F79EFBC}") = "CalypssoAPP.iOS", "CalypssoAPP\CalypssoAPP.iOS\CalypssoAPP.iOS.csproj", "{CEA5A588-0478-4890-944E-8C0E4EAE41B1}"
EndProject
Project("{FAE04EC0-301F-11D3-BF4B-00C04F79EFBC}") = "CalypssoAPP.UWP", "CalypssoAPP\CalypssoAPP.UWP\CalypssoAPP.UWP.csproj", "{D9BBBCE4-0151-4626-88A0-7295307F3C76}"
EndProject
Project("{FAE04EC0-301F-11D3-BF4B-00C04F79EFBC}") = "CalypssoAPP", "CalypssoAPP\CalypssoAPP\CalypssoAPP.csproj", "{DCB97A67-1108-402D-8689-C939D4D1584D}"
EndProject
Global
	GlobalSection(SolutionConfigurationPlatforms) = preSolution
		Ad-Hoc|Any CPU = Ad-Hoc|Any CPU
		Ad-Hoc|ARM = Ad-Hoc|ARM
		Ad-Hoc|iPhone = Ad-Hoc|iPhone
		Ad-Hoc|iPhoneSimulator = Ad-Hoc|iPhoneSimulator
		Ad-Hoc|x64 = Ad-Hoc|x64
		Ad-Hoc|x86 = Ad-Hoc|x86
		AppStore|Any CPU = AppStore|Any CPU
		AppStore|ARM = AppStore|ARM
		AppStore|iPhone = AppStore|iPhone
		AppStore|iPhoneSimulator = AppStore|iPhoneSimulator
		AppStore|x64 = AppStore|x64
		AppStore|x86 = AppStore|x86
		Debug|Any CPU = Debug|Any CPU
		Debug|ARM = Debug|ARM
		Debug|iPhone = Debug|iPhone
		Debug|iPhoneSimulator = Debug|iPhoneSimulator
		Debug|x64 = Debug|x64
		Debug|x86 = Debug|x86
		Release|Any CPU = Release|Any CPU
		Release|ARM = Release|ARM
		Release|iPhone = Release|iPhone
		Release|iPhoneSimulator = Release|iPhoneSimulator
		Release|x64 = Release|x64
		Release|x86 = Release|x86
	EndGlobalSection
	GlobalSection(ProjectConfigurationPlatforms) = postSolution
		{5B04D844-012A-479E-8F05-704FCC31620B}.Ad-Hoc|Any CPU.ActiveCfg = Release|Any CPU
		{5B04D844-012A-479E-8F05-704FCC31620B}.Ad-Hoc|Any CPU.Build.0 = Release|Any CPU
		{5B04D844-012A-479E-8F05-704FCC31620B}.Ad-Hoc|Any CPU.Deploy.0 = Release|Any CPU
		{5B04D844-012A-479E-8F05-704FCC31620B}.Ad-Hoc|ARM.ActiveCfg = Release|Any CPU
		{5B04D844-012A-479E-8F05-704FCC31620B}.Ad-Hoc|ARM.Build.0 = Release|Any CPU
		{5B04D844-012A-479E-8F05-704FCC31620B}.Ad-Hoc|ARM.Deploy.0 = Release|Any CPU
		{5B04D844-012A-479E-8F05-704FCC31620B}.Ad-Hoc|iPhone.ActiveCfg = Release|Any CPU
		{5B04D844-012A-479E-8F05-704FCC31620B}.Ad-Hoc|iPhone.Build.0 = Release|Any CPU
		{5B04D844-012A-479E-8F05-704FCC31620B}.Ad-Hoc|iPhone.Deploy.0 = Release|Any CPU
		{5B04D844-012A-479E-8F05-704FCC31620B}.Ad-Hoc|iPhoneSimulator.ActiveCfg = Release|Any CPU
		{5B04D844-012A-479E-8F05-704FCC31620B}.Ad-Hoc|iPhoneSimulator.Build.0 = Release|Any CPU
		{5B04D844-012A-479E-8F05-704FCC31620B}.Ad-Hoc|iPhoneSimulator.Deploy.0 = Release|Any CPU
		{5B04D844-012A-479E-8F05-704FCC31620B}.Ad-Hoc|x64.ActiveCfg = Release|Any CPU
		{5B04D844-012A-479E-8F05-704FCC31620B}.Ad-Hoc|x64.Build.0 = Release|Any CPU
		{5B04D844-012A-479E-8F05-704FCC31620B}.Ad-Hoc|x64.Deploy.0 = Release|Any CPU
		{5B04D844-012A-479E-8F05-704FCC31620B}.Ad-Hoc|x86.ActiveCfg = Release|Any CPU
		{5B04D844-012A-479E-8F05-704FCC31620B}.Ad-Hoc|x86.Build.0 = Release|Any CPU
		{5B04D844-012A-479E-8F05-704FCC31620B}.Ad-Hoc|x86.Deploy.0 = Release|Any CPU
		{5B04D844-012A-479E-8F05-704FCC31620B}.AppStore|Any CPU.ActiveCfg = Release|Any CPU
		{5B04D844-012A-479E-8F05-704FCC31620B}.AppStore|Any CPU.Build.0 = Release|Any CPU
		{5B04D844-012A-479E-8F05-704FCC31620B}.AppStore|Any CPU.Deploy.0 = Release|Any CPU
		{5B04D844-012A-479E-8F05-704FCC31620B}.AppStore|ARM.ActiveCfg = Release|Any CPU
		{5B04D844-012A-479E-8F05-704FCC31620B}.AppStore|ARM.Build.0 = Release|Any CPU
		{5B04D844-012A-479E-8F05-704FCC31620B}.AppStore|ARM.Deploy.0 = Release|Any CPU
		{5B04D844-012A-479E-8F05-704FCC31620B}.AppStore|iPhone.ActiveCfg = Release|Any CPU
		{5B04D844-012A-479E-8F05-704FCC31620B}.AppStore|iPhone.Build.0 = Release|Any CPU
		{5B04D844-012A-479E-8F05-704FCC31620B}.AppStore|iPhone.Deploy.0 = Release|Any CPU
		{5B04D844-012A-479E-8F05-704FCC31620B}.AppStore|iPhoneSimulator.ActiveCfg = Release|Any CPU
		{5B04D844-012A-479E-8F05-704FCC31620B}.AppStore|iPhoneSimulator.Build.0 = Release|Any CPU
		{5B04D844-012A-479E-8F05-704FCC31620B}.AppStore|iPhoneSimulator.Deploy.0 = Release|Any CPU
		{5B04D844-012A-479E-8F05-704FCC31620B}.AppStore|x64.ActiveCfg = Release|Any CPU
		{5B04D844-012A-479E-8F05-704FCC31620B}.AppStore|x64.Build.0 = Release|Any CPU
		{5B04D844-012A-479E-8F05-704FCC31620B}.AppStore|x64.Deploy.0 = Release|Any CPU
		{5B04D844-012A-479E-8F05-704FCC31620B}.AppStore|x86.ActiveCfg = Release|Any CPU
		{5B04D844-012A-479E-8F05-704FCC31620B}.AppStore|x86.Build.0 = Release|Any CPU
		{5B04D844-012A-479E-8F05-704FCC31620B}.AppStore|x86.Deploy.0 = Release|Any CPU
		{5B04D844-012A-479E-8F05-704FCC31620B}.Debug|Any CPU.ActiveCfg = Debug|Any CPU
		{5B04D844-012A-479E-8F05-704FCC31620B}.Debug|Any CPU.Build.0 = Debug|Any CPU
		{5B04D844-012A-479E-8F05-704FCC31620B}.Debug|Any CPU.Deploy.0 = Debug|Any CPU
		{5B04D844-012A-479E-8F05-704FCC31620B}.Debug|ARM.ActiveCfg = Debug|Any CPU
		{5B04D844-012A-479E-8F05-704FCC31620B}.Debug|ARM.Build.0 = Debug|Any CPU
		{5B04D844-012A-479E-8F05-704FCC31620B}.Debug|ARM.Deploy.0 = Debug|Any CPU
		{5B04D844-012A-479E-8F05-704FCC31620B}.Debug|iPhone.ActiveCfg = Debug|Any CPU
		{5B04D844-012A-479E-8F05-704FCC31620B}.Debug|iPhone.Build.0 = Debug|Any CPU
		{5B04D844-012A-479E-8F05-704FCC31620B}.Debug|iPhone.Deploy.0 = Debug|Any CPU
		{5B04D844-012A-479E-8F05-704FCC31620B}.Debug|iPhoneSimulator.ActiveCfg = Debug|Any CPU
		{5B04D844-012A-479E-8F05-704FCC31620B}.Debug|iPhoneSimulator.Build.0 = Debug|Any CPU
		{5B04D844-012A-479E-8F05-704FCC31620B}.Debug|iPhoneSimulator.Deploy.0 = Debug|Any CPU
		{5B04D844-012A-479E-8F05-704FCC31620B}.Debug|x64.ActiveCfg = Debug|Any CPU
		{5B04D844-012A-479E-8F05-704FCC31620B}.Debug|x64.Build.0 = Debug|Any CPU
		{5B04D844-012A-479E-8F05-704FCC31620B}.Debug|x64.Deploy.0 = Debug|Any CPU
		{5B04D844-012A-479E-8F05-704FCC31620B}.Debug|x86.ActiveCfg = Debug|Any CPU
		{5B04D844-012A-479E-8F05-704FCC31620B}.Debug|x86.Build.0 = Debug|Any CPU
		{5B04D844-012A-479E-8F05-704FCC31620B}.Debug|x86.Deploy.0 = Debug|Any CPU
		{5B04D844-012A-479E-8F05-704FCC31620B}.Release|Any CPU.ActiveCfg = Release|Any CPU
		{5B04D844-012A-479E-8F05-704FCC31620B}.Release|Any CPU.Build.0 = Release|Any CPU
		{5B04D844-012A-479E-8F05-704FCC31620B}.Release|Any CPU.Deploy.0 = Release|Any CPU
		{5B04D844-012A-479E-8F05-704FCC31620B}.Release|ARM.ActiveCfg = Release|Any CPU
		{5B04D844-012A-479E-8F05-704FCC31620B}.Release|ARM.Build.0 = Release|Any CPU
		{5B04D844-012A-479E-8F05-704FCC31620B}.Release|ARM.Deploy.0 = Release|Any CPU
		{5B04D844-012A-479E-8F05-704FCC31620B}.Release|iPhone.ActiveCfg = Release|Any CPU
		{5B04D844-012A-479E-8F05-704FCC31620B}.Release|iPhone.Build.0 = Release|Any CPU
		{5B04D844-012A-479E-8F05-704FCC31620B}.Release|iPhone.Deploy.0 = Release|Any CPU
		{5B04D844-012A-479E-8F05-704FCC31620B}.Release|iPhoneSimulator.ActiveCfg = Release|Any CPU
		{5B04D844-012A-479E-8F05-704FCC31620B}.Release|iPhoneSimulator.Build.0 = Release|Any CPU
		{5B04D844-012A-479E-8F05-704FCC31620B}.Release|iPhoneSimulator.Deploy.0 = Release|Any CPU
		{5B04D844-012A-479E-8F05-704FCC31620B}.Release|x64.ActiveCfg = Release|Any CPU
		{5B04D844-012A-479E-8F05-704FCC31620B}.Release|x64.Build.0 = Release|Any CPU
		{5B04D844-012A-479E-8F05-704FCC31620B}.Release|x64.Deploy.0 = Release|Any CPU
		{5B04D844-012A-479E-8F05-704FCC31620B}.Release|x86.ActiveCfg = Release|Any CPU
		{5B04D844-012A-479E-8F05-704FCC31620B}.Release|x86.Build.0 = Release|Any CPU
		{5B04D844-012A-479E-8F05-704FCC31620B}.Release|x86.Deploy.0 = Release|Any CPU
		{CEA5A588-0478-4890-944E-8C0E4EAE41B1}.Ad-Hoc|Any CPU.ActiveCfg = Ad-Hoc|iPhone
		{CEA5A588-0478-4890-944E-8C0E4EAE41B1}.Ad-Hoc|ARM.ActiveCfg = Ad-Hoc|iPhone
		{CEA5A588-0478-4890-944E-8C0E4EAE41B1}.Ad-Hoc|iPhone.ActiveCfg = Ad-Hoc|iPhone
		{CEA5A588-0478-4890-944E-8C0E4EAE41B1}.Ad-Hoc|iPhone.Build.0 = Ad-Hoc|iPhone
		{CEA5A588-0478-4890-944E-8C0E4EAE41B1}.Ad-Hoc|iPhoneSimulator.ActiveCfg = Ad-Hoc|iPhoneSimulator
		{CEA5A588-0478-4890-944E-8C0E4EAE41B1}.Ad-Hoc|iPhoneSimulator.Build.0 = Ad-Hoc|iPhoneSimulator
		{CEA5A588-0478-4890-944E-8C0E4EAE41B1}.Ad-Hoc|x64.ActiveCfg = Ad-Hoc|iPhone
		{CEA5A588-0478-4890-944E-8C0E4EAE41B1}.Ad-Hoc|x86.ActiveCfg = Ad-Hoc|iPhone
		{CEA5A588-0478-4890-944E-8C0E4EAE41B1}.AppStore|Any CPU.ActiveCfg = AppStore|iPhone
		{CEA5A588-0478-4890-944E-8C0E4EAE41B1}.AppStore|ARM.ActiveCfg = AppStore|iPhone
		{CEA5A588-0478-4890-944E-8C0E4EAE41B1}.AppStore|iPhone.ActiveCfg = AppStore|iPhone
		{CEA5A588-0478-4890-944E-8C0E4EAE41B1}.AppStore|iPhone.Build.0 = AppStore|iPhone
		{CEA5A588-0478-4890-944E-8C0E4EAE41B1}.AppStore|iPhoneSimulator.ActiveCfg = AppStore|iPhoneSimulator
		{CEA5A588-0478-4890-944E-8C0E4EAE41B1}.AppStore|iPhoneSimulator.Build.0 = AppStore|iPhoneSimulator
		{CEA5A588-0478-4890-944E-8C0E4EAE41B1}.AppStore|x64.ActiveCfg = AppStore|iPhone
		{CEA5A588-0478-4890-944E-8C0E4EAE41B1}.AppStore|x86.ActiveCfg = AppStore|iPhone
		{CEA5A588-0478-4890-944E-8C0E4EAE41B1}.Debug|Any CPU.ActiveCfg = Debug|iPhone
		{CEA5A588-0478-4890-944E-8C0E4EAE41B1}.Debug|ARM.ActiveCfg = Debug|iPhone
		{CEA5A588-0478-4890-944E-8C0E4EAE41B1}.Debug|iPhone.ActiveCfg = Debug|iPhone
		{CEA5A588-0478-4890-944E-8C0E4EAE41B1}.Debug|iPhone.Build.0 = Debug|iPhone
		{CEA5A588-0478-4890-944E-8C0E4EAE41B1}.Debug|iPhoneSimulator.ActiveCfg = Debug|iPhoneSimulator
		{CEA5A588-0478-4890-944E-8C0E4EAE41B1}.Debug|iPhoneSimulator.Build.0 = Debug|iPhoneSimulator
		{CEA5A588-0478-4890-944E-8C0E4EAE41B1}.Debug|x64.ActiveCfg = Debug|iPhone
		{CEA5A588-0478-4890-944E-8C0E4EAE41B1}.Debug|x86.ActiveCfg = Debug|iPhone
		{CEA5A588-0478-4890-944E-8C0E4EAE41B1}.Release|Any CPU.ActiveCfg = Release|iPhone
		{CEA5A588-0478-4890-944E-8C0E4EAE41B1}.Release|ARM.ActiveCfg = Release|iPhone
		{CEA5A588-0478-4890-944E-8C0E4EAE41B1}.Release|iPhone.ActiveCfg = Release|iPhone
		{CEA5A588-0478-4890-944E-8C0E4EAE41B1}.Release|iPhone.Build.0 = Release|iPhone
		{CEA5A588-0478-4890-944E-8C0E4EAE41B1}.Release|iPhoneSimulator.ActiveCfg = Release|iPhoneSimulator
		{CEA5A588-0478-4890-944E-8C0E4EAE41B1}.Release|iPhoneSimulator.Build.0 = Release|iPhoneSimulator
		{CEA5A588-0478-4890-944E-8C0E4EAE41B1}.Release|x64.ActiveCfg = Release|iPhone
		{CEA5A588-0478-4890-944E-8C0E4EAE41B1}.Release|x86.ActiveCfg = Release|iPhone
		{D9BBBCE4-0151-4626-88A0-7295307F3C76}.Ad-Hoc|Any CPU.ActiveCfg = Release|x86
		{D9BBBCE4-0151-4626-88A0-7295307F3C76}.Ad-Hoc|Any CPU.Build.0 = Release|x86
		{D9BBBCE4-0151-4626-88A0-7295307F3C76}.Ad-Hoc|Any CPU.Deploy.0 = Release|x86
		{D9BBBCE4-0151-4626-88A0-7295307F3C76}.Ad-Hoc|ARM.ActiveCfg = Release|ARM
		{D9BBBCE4-0151-4626-88A0-7295307F3C76}.Ad-Hoc|ARM.Build.0 = Release|ARM
		{D9BBBCE4-0151-4626-88A0-7295307F3C76}.Ad-Hoc|ARM.Deploy.0 = Release|ARM
		{D9BBBCE4-0151-4626-88A0-7295307F3C76}.Ad-Hoc|iPhone.ActiveCfg = Release|x86
		{D9BBBCE4-0151-4626-88A0-7295307F3C76}.Ad-Hoc|iPhone.Build.0 = Release|x86
		{D9BBBCE4-0151-4626-88A0-7295307F3C76}.Ad-Hoc|iPhone.Deploy.0 = Release|x86
		{D9BBBCE4-0151-4626-88A0-7295307F3C76}.Ad-Hoc|iPhoneSimulator.ActiveCfg = Release|x86
		{D9BBBCE4-0151-4626-88A0-7295307F3C76}.Ad-Hoc|iPhoneSimulator.Build.0 = Release|x86
		{D9BBBCE4-0151-4626-88A0-7295307F3C76}.Ad-Hoc|iPhoneSimulator.Deploy.0 = Release|x86
		{D9BBBCE4-0151-4626-88A0-7295307F3C76}.Ad-Hoc|x64.ActiveCfg = Release|x64
		{D9BBBCE4-0151-4626-88A0-7295307F3C76}.Ad-Hoc|x64.Build.0 = Release|x64
		{D9BBBCE4-0151-4626-88A0-7295307F3C76}.Ad-Hoc|x64.Deploy.0 = Release|x64
		{D9BBBCE4-0151-4626-88A0-7295307F3C76}.Ad-Hoc|x86.ActiveCfg = Release|x86
		{D9BBBCE4-0151-4626-88A0-7295307F3C76}.Ad-Hoc|x86.Build.0 = Release|x86
		{D9BBBCE4-0151-4626-88A0-7295307F3C76}.Ad-Hoc|x86.Deploy.0 = Release|x86
		{D9BBBCE4-0151-4626-88A0-7295307F3C76}.AppStore|Any CPU.ActiveCfg = Release|x86
		{D9BBBCE4-0151-4626-88A0-7295307F3C76}.AppStore|Any CPU.Build.0 = Release|x86
		{D9BBBCE4-0151-4626-88A0-7295307F3C76}.AppStore|Any CPU.Deploy.0 = Release|x86
		{D9BBBCE4-0151-4626-88A0-7295307F3C76}.AppStore|ARM.ActiveCfg = Release|ARM
		{D9BBBCE4-0151-4626-88A0-7295307F3C76}.AppStore|ARM.Build.0 = Release|ARM
		{D9BBBCE4-0151-4626-88A0-7295307F3C76}.AppStore|ARM.Deploy.0 = Release|ARM
		{D9BBBCE4-0151-4626-88A0-7295307F3C76}.AppStore|iPhone.ActiveCfg = Release|x86
		{D9BBBCE4-0151-4626-88A0-7295307F3C76}.AppStore|iPhone.Build.0 = Release|x86
		{D9BBBCE4-0151-4626-88A0-7295307F3C76}.AppStore|iPhone.Deploy.0 = Release|x86
		{D9BBBCE4-0151-4626-88A0-7295307F3C76}.AppStore|iPhoneSimulator.ActiveCfg = Release|x86
		{D9BBBCE4-0151-4626-88A0-7295307F3C76}.AppStore|iPhoneSimulator.Build.0 = Release|x86
		{D9BBBCE4-0151-4626-88A0-7295307F3C76}.AppStore|iPhoneSimulator.Deploy.0 = Release|x86
		{D9BBBCE4-0151-4626-88A0-7295307F3C76}.AppStore|x64.ActiveCfg = Release|x64
		{D9BBBCE4-0151-4626-88A0-7295307F3C76}.AppStore|x64.Build.0 = Release|x64
		{D9BBBCE4-0151-4626-88A0-7295307F3C76}.AppStore|x64.Deploy.0 = Release|x64
		{D9BBBCE4-0151-4626-88A0-7295307F3C76}.AppStore|x86.ActiveCfg = Release|x86
		{D9BBBCE4-0151-4626-88A0-7295307F3C76}.AppStore|x86.Build.0 = Release|x86
		{D9BBBCE4-0151-4626-88A0-7295307F3C76}.AppStore|x86.Deploy.0 = Release|x86
		{D9BBBCE4-0151-4626-88A0-7295307F3C76}.Debug|Any CPU.ActiveCfg = Debug|x86
		{D9BBBCE4-0151-4626-88A0-7295307F3C76}.Debug|ARM.ActiveCfg = Debug|ARM
		{D9BBBCE4-0151-4626-88A0-7295307F3C76}.Debug|ARM.Build.0 = Debug|ARM
		{D9BBBCE4-0151-4626-88A0-7295307F3C76}.Debug|ARM.Deploy.0 = Debug|ARM
		{D9BBBCE4-0151-4626-88A0-7295307F3C76}.Debug|iPhone.ActiveCfg = Debug|x86
		{D9BBBCE4-0151-4626-88A0-7295307F3C76}.Debug|iPhoneSimulator.ActiveCfg = Debug|x86
		{D9BBBCE4-0151-4626-88A0-7295307F3C76}.Debug|x64.ActiveCfg = Debug|x64
		{D9BBBCE4-0151-4626-88A0-7295307F3C76}.Debug|x64.Build.0 = Debug|x64
		{D9BBBCE4-0151-4626-88A0-7295307F3C76}.Debug|x64.Deploy.0 = Debug|x64
		{D9BBBCE4-0151-4626-88A0-7295307F3C76}.Debug|x86.ActiveCfg = Debug|x86
		{D9BBBCE4-0151-4626-88A0-7295307F3C76}.Debug|x86.Build.0 = Debug|x86
		{D9BBBCE4-0151-4626-88A0-7295307F3C76}.Debug|x86.Deploy.0 = Debug|x86
		{D9BBBCE4-0151-4626-88A0-7295307F3C76}.Release|Any CPU.ActiveCfg = Release|x86
		{D9BBBCE4-0151-4626-88A0-7295307F3C76}.Release|ARM.ActiveCfg = Release|ARM
		{D9BBBCE4-0151-4626-88A0-7295307F3C76}.Release|ARM.Build.0 = Release|ARM
		{D9BBBCE4-0151-4626-88A0-7295307F3C76}.Release|ARM.Deploy.0 = Release|ARM
		{D9BBBCE4-0151-4626-88A0-7295307F3C76}.Release|iPhone.ActiveCfg = Release|x86
		{D9BBBCE4-0151-4626-88A0-7295307F3C76}.Release|iPhoneSimulator.ActiveCfg = Release|x86
		{D9BBBCE4-0151-4626-88A0-7295307F3C76}.Release|x64.ActiveCfg = Release|x64
		{D9BBBCE4-0151-4626-88A0-7295307F3C76}.Release|x64.Build.0 = Release|x64
		{D9BBBCE4-0151-4626-88A0-7295307F3C76}.Release|x64.Deploy.0 = Release|x64
		{D9BBBCE4-0151-4626-88A0-7295307F3C76}.Release|x86.ActiveCfg = Release|x86
		{D9BBBCE4-0151-4626-88A0-7295307F3C76}.Release|x86.Build.0 = Release|x86
		{D9BBBCE4-0151-4626-88A0-7295307F3C76}.Release|x86.Deploy.0 = Release|x86
		{DCB97A67-1108-402D-8689-C939D4D1584D}.Ad-Hoc|Any CPU.ActiveCfg = Debug|Any CPU
		{DCB97A67-1108-402D-8689-C939D4D1584D}.Ad-Hoc|Any CPU.Build.0 = Debug|Any CPU
		{DCB97A67-1108-402D-8689-C939D4D1584D}.Ad-Hoc|ARM.ActiveCfg = Debug|Any CPU
		{DCB97A67-1108-402D-8689-C939D4D1584D}.Ad-Hoc|ARM.Build.0 = Debug|Any CPU
		{DCB97A67-1108-402D-8689-C939D4D1584D}.Ad-Hoc|iPhone.ActiveCfg = Debug|Any CPU
		{DCB97A67-1108-402D-8689-C939D4D1584D}.Ad-Hoc|iPhone.Build.0 = Debug|Any CPU
		{DCB97A67-1108-402D-8689-C939D4D1584D}.Ad-Hoc|iPhoneSimulator.ActiveCfg = Debug|Any CPU
		{DCB97A67-1108-402D-8689-C939D4D1584D}.Ad-Hoc|iPhoneSimulator.Build.0 = Debug|Any CPU
		{DCB97A67-1108-402D-8689-C939D4D1584D}.Ad-Hoc|x64.ActiveCfg = Debug|Any CPU
		{DCB97A67-1108-402D-8689-C939D4D1584D}.Ad-Hoc|x64.Build.0 = Debug|Any CPU
		{DCB97A67-1108-402D-8689-C939D4D1584D}.Ad-Hoc|x86.ActiveCfg = Debug|Any CPU
		{DCB97A67-1108-402D-8689-C939D4D1584D}.Ad-Hoc|x86.Build.0 = Debug|Any CPU
		{DCB97A67-1108-402D-8689-C939D4D1584D}.AppStore|Any CPU.ActiveCfg = Debug|Any CPU
		{DCB97A67-1108-402D-8689-C939D4D1584D}.AppStore|Any CPU.Build.0 = Debug|Any CPU
		{DCB97A67-1108-402D-8689-C939D4D1584D}.AppStore|ARM.ActiveCfg = Debug|Any CPU
		{DCB97A67-1108-402D-8689-C939D4D1584D}.AppStore|ARM.Build.0 = Debug|Any CPU
		{DCB97A67-1108-402D-8689-C939D4D1584D}.AppStore|iPhone.ActiveCfg = Debug|Any CPU
		{DCB97A67-1108-402D-8689-C939D4D1584D}.AppStore|iPhone.Build.0 = Debug|Any CPU
		{DCB97A67-1108-402D-8689-C939D4D1584D}.AppStore|iPhoneSimulator.ActiveCfg = Debug|Any CPU
		{DCB97A67-1108-402D-8689-C939D4D1584D}.AppStore|iPhoneSimulator.Build.0 = Debug|Any CPU
		{DCB97A67-1108-402D-8689-C939D4D1584D}.AppStore|x64.ActiveCfg = Debug|Any CPU
		{DCB97A67-1108-402D-8689-C939D4D1584D}.AppStore|x64.Build.0 = Debug|Any CPU
		{DCB97A67-1108-402D-8689-C939D4D1584D}.AppStore|x86.ActiveCfg = Debug|Any CPU
		{DCB97A67-1108-402D-8689-C939D4D1584D}.AppStore|x86.Build.0 = Debug|Any CPU
		{DCB97A67-1108-402D-8689-C939D4D1584D}.Debug|Any CPU.ActiveCfg = Debug|Any CPU
		{DCB97A67-1108-402D-8689-C939D4D1584D}.Debug|Any CPU.Build.0 = Debug|Any CPU
		{DCB97A67-1108-402D-8689-C939D4D1584D}.Debug|ARM.ActiveCfg = Debug|Any CPU
		{DCB97A67-1108-402D-8689-C939D4D1584D}.Debug|ARM.Build.0 = Debug|Any CPU
		{DCB97A67-1108-402D-8689-C939D4D1584D}.Debug|iPhone.ActiveCfg = Debug|Any CPU
		{DCB97A67-1108-402D-8689-C939D4D1584D}.Debug|iPhone.Build.0 = Debug|Any CPU
		{DCB97A67-1108-402D-8689-C939D4D1584D}.Debug|iPhoneSimulator.ActiveCfg = Debug|Any CPU
		{DCB97A67-1108-402D-8689-C939D4D1584D}.Debug|iPhoneSimulator.Build.0 = Debug|Any CPU
		{DCB97A67-1108-402D-8689-C939D4D1584D}.Debug|x64.ActiveCfg = Debug|Any CPU
		{DCB97A67-1108-402D-8689-C939D4D1584D}.Debug|x64.Build.0 = Debug|Any CPU
		{DCB97A67-1108-402D-8689-C939D4D1584D}.Debug|x86.ActiveCfg = Debug|Any CPU
		{DCB97A67-1108-402D-8689-C939D4D1584D}.Debug|x86.Build.0 = Debug|Any CPU
		{DCB97A67-1108-402D-8689-C939D4D1584D}.Release|Any CPU.ActiveCfg = Release|Any CPU
		{DCB97A67-1108-402D-8689-C939D4D1584D}.Release|Any CPU.Build.0 = Release|Any CPU
		{DCB97A67-1108-402D-8689-C939D4D1584D}.Release|ARM.ActiveCfg = Release|Any CPU
		{DCB97A67-1108-402D-8689-C939D4D1584D}.Release|ARM.Build.0 = Release|Any CPU
		{DCB97A67-1108-402D-8689-C939D4D1584D}.Release|iPhone.ActiveCfg = Release|Any CPU
		{DCB97A67-1108-402D-8689-C939D4D1584D}.Release|iPhone.Build.0 = Release|Any CPU
		{DCB97A67-1108-402D-8689-C939D4D1584D}.Release|iPhoneSimulator.ActiveCfg = Release|Any CPU
		{DCB97A67-1108-402D-8689-C939D4D1584D}.Release|iPhoneSimulator.Build.0 = Release|Any CPU
		{DCB97A67-1108-402D-8689-C939D4D1584D}.Release|x64.ActiveCfg = Release|Any CPU
		{DCB97A67-1108-402D-8689-C939D4D1584D}.Release|x64.Build.0 = Release|Any CPU
		{DCB97A67-1108-402D-8689-C939D4D1584D}.Release|x86.ActiveCfg = Release|Any CPU
		{DCB97A67-1108-402D-8689-C939D4D1584D}.Release|x86.Build.0 = Release|Any CPU
	EndGlobalSection
	GlobalSection(SolutionProperties) = preSolution
		HideSolutionNode = FALSE
	EndGlobalSection
	GlobalSection(ExtensibilityGlobals) = postSolution
		SolutionGuid = {62117476-5737-4CD9-89B3-9405D94CD68B}
	EndGlobalSection
EndGlobal
